// !$*UTF8*$!
{
	archiveVersion = 1;
	classes = {
	};
	objectVersion = 50;
	objects = {

/* Begin PBXBuildFile section */
		1D7A246F26CEBB4400D82384 /* MessagingAppApp.swift in Sources */ = {isa = PBXBuildFile; fileRef = 1D7A246E26CEBB4400D82384 /* MessagingAppApp.swift */; };
		1D7A247126CEBB4400D82384 /* ContentView.swift in Sources */ = {isa = PBXBuildFile; fileRef = 1D7A247026CEBB4400D82384 /* ContentView.swift */; };
		1D7A247326CEBB4500D82384 /* Assets.xcassets in Resources */ = {isa = PBXBuildFile; fileRef = 1D7A247226CEBB4500D82384 /* Assets.xcassets */; };
		1D7A248126CEE28600D82384 /* Home.swift in Sources */ = {isa = PBXBuildFile; fileRef = 1D7A248026CEE28600D82384 /* Home.swift */; };
		1D7A248326CEE2B000D82384 /* TopView.swift in Sources */ = {isa = PBXBuildFile; fileRef = 1D7A248226CEE2B000D82384 /* TopView.swift */; };
		1D7A248626CEEA4600D82384 /* Message.swift in Sources */ = {isa = PBXBuildFile; fileRef = 1D7A248526CEEA4600D82384 /* Message.swift */; };
		1D7A248826CEEB1C00D82384 /* Messages.swift in Sources */ = {isa = PBXBuildFile; fileRef = 1D7A248726CEEB1C00D82384 /* Messages.swift */; };
		1D7A248A26CEEB6500D82384 /* MessageItem.swift in Sources */ = {isa = PBXBuildFile; fileRef = 1D7A248926CEEB6500D82384 /* MessageItem.swift */; };
/* End PBXBuildFile section */

/* Begin PBXFileReference section */
		1D7A246B26CEBB4400D82384 /* MessagingApp.app */ = {isa = PBXFileReference; explicitFileType = wrapper.application; includeInIndex = 0; path = MessagingApp.app; sourceTree = BUILT_PRODUCTS_DIR; };
		1D7A246E26CEBB4400D82384 /* MessagingAppApp.swift */ = {isa = PBXFileReference; lastKnownFileType = sourcecode.swift; path = MessagingAppApp.swift; sourceTree = "<group>"; };
		1D7A247026CEBB4400D82384 /* ContentView.swift */ = {isa = PBXFileReference; lastKnownFileType = sourcecode.swift; path = ContentView.swift; sourceTree = "<group>"; };
		1D7A247226CEBB4500D82384 /* Assets.xcassets */ = {isa = PBXFileReference; lastKnownFileType = folder.assetcatalog; path = Assets.xcassets; sourceTree = "<group>"; };
		1D7A247726CEBB4500D82384 /* Info.plist */ = {isa = PBXFileReference; lastKnownFileType = text.plist.xml; path = Info.plist; sourceTree = "<group>"; };
		1D7A248026CEE28600D82384 /* Home.swift */ = {isa = PBXFileReference; lastKnownFileType = sourcecode.swift; path = Home.swift; sourceTree = "<group>"; };
		1D7A248226CEE2B000D82384 /* TopView.swift */ = {isa = PBXFileReference; lastKnownFileType = sourcecode.swift; path = TopView.swift; sourceTree = "<group>"; };
		1D7A248526CEEA4600D82384 /* Message.swift */ = {isa = PBXFileReference; lastKnownFileType = sourcecode.swift; path = Message.swift; sourceTree = "<group>"; };
		1D7A248726CEEB1C00D82384 /* Messages.swift */ = {isa = PBXFileReference; lastKnownFileType = sourcecode.swift; path = Messages.swift; sourceTree = "<group>"; };
		1D7A248926CEEB6500D82384 /* MessageItem.swift */ = {isa = PBXFileReference; lastKnownFileType = sourcecode.swift; path = MessageItem.swift; sourceTree = "<group>"; };
/* End PBXFileReference section */

/* Begin PBXFrameworksBuildPhase section */
		1D7A246826CEBB4400D82384 /* Frameworks */ = {
			isa = PBXFrameworksBuildPhase;
			buildActionMask = 2147483647;
			files = (
			);
			runOnlyForDeploymentPostprocessing = 0;
		};
/* End PBXFrameworksBuildPhase section */

/* Begin PBXGroup section */
		1D7A246226CEBB4400D82384 = {
			isa = PBXGroup;
			children = (
				1D7A246D26CEBB4400D82384 /* MessagingApp */,
				1D7A246C26CEBB4400D82384 /* Products */,
			);
			sourceTree = "<group>";
		};
		1D7A246C26CEBB4400D82384 /* Products */ = {
			isa = PBXGroup;
			children = (
				1D7A246B26CEBB4400D82384 /* MessagingApp.app */,
			);
			name = Products;
			sourceTree = "<group>";
		};
		1D7A246D26CEBB4400D82384 /* MessagingApp */ = {
			isa = PBXGroup;
			children = (
				1D7A248426CEEA3800D82384 /* models */,
				1D7A247F26CEE12D00D82384 /* config */,
				1D7A247E26CEE12000D82384 /* ui */,
				1D7A247D26CEE10900D82384 /* resources */,
			);
			path = MessagingApp;
			sourceTree = "<group>";
		};
		1D7A247D26CEE10900D82384 /* resources */ = {
			isa = PBXGroup;
			children = (
				1D7A247226CEBB4500D82384 /* Assets.xcassets */,
			);
			path = resources;
			sourceTree = "<group>";
		};
		1D7A247E26CEE12000D82384 /* ui */ = {
			isa = PBXGroup;
			children = (
				1D7A247026CEBB4400D82384 /* ContentView.swift */,
				1D7A248026CEE28600D82384 /* Home.swift */,
				1D7A248226CEE2B000D82384 /* TopView.swift */,
				1D7A248726CEEB1C00D82384 /* Messages.swift */,
				1D7A248926CEEB6500D82384 /* MessageItem.swift */,
			);
			path = ui;
			sourceTree = "<group>";
		};
		1D7A247F26CEE12D00D82384 /* config */ = {
			isa = PBXGroup;
			children = (
				1D7A246E26CEBB4400D82384 /* MessagingAppApp.swift */,
				1D7A247726CEBB4500D82384 /* Info.plist */,
			);
			path = config;
			sourceTree = "<group>";
		};
		1D7A248426CEEA3800D82384 /* models */ = {
			isa = PBXGroup;
			children = (
				1D7A248526CEEA4600D82384 /* Message.swift */,
			);
			path = models;
			sourceTree = "<group>";
		};
/* End PBXGroup section */

/* Begin PBXNativeTarget section */
		1D7A246A26CEBB4400D82384 /* MessagingApp */ = {
			isa = PBXNativeTarget;
			buildConfigurationList = 1D7A247A26CEBB4500D82384 /* Build configuration list for PBXNativeTarget "MessagingApp" */;
			buildPhases = (
				1D7A246726CEBB4400D82384 /* Sources */,
				1D7A246826CEBB4400D82384 /* Frameworks */,
				1D7A246926CEBB4400D82384 /* Resources */,
			);
			buildRules = (
			);
			dependencies = (
			);
			name = MessagingApp;
			productName = MessagingApp;
			productReference = 1D7A246B26CEBB4400D82384 /* MessagingApp.app */;
			productType = "com.apple.product-type.application";
		};
/* End PBXNativeTarget section */

/* Begin PBXProject section */
		1D7A246326CEBB4400D82384 /* Project object */ = {
			isa = PBXProject;
			attributes = {
				LastSwiftUpdateCheck = 1250;
				LastUpgradeCheck = 1250;
				TargetAttributes = {
					1D7A246A26CEBB4400D82384 = {
						CreatedOnToolsVersion = 12.5.1;
					};
				};
			};
			buildConfigurationList = 1D7A246626CEBB4400D82384 /* Build configuration list for PBXProject "MessagingApp" */;
			compatibilityVersion = "Xcode 9.3";
			developmentRegion = en;
			hasScannedForEncodings = 0;
			knownRegions = (
				en,
				Base,
			);
			mainGroup = 1D7A246226CEBB4400D82384;
			productRefGroup = 1D7A246C26CEBB4400D82384 /* Products */;
			projectDirPath = "";
			projectRoot = "";
			targets = (
				1D7A246A26CEBB4400D82384 /* MessagingApp */,
			);
		};
/* End PBXProject section */

/* Begin PBXResourcesBuildPhase section */
		1D7A246926CEBB4400D82384 /* Resources */ = {
			isa = PBXResourcesBuildPhase;
			buildActionMask = 2147483647;
			files = (
				1D7A247326CEBB4500D82384 /* Assets.xcassets in Resources */,
			);
			runOnlyForDeploymentPostprocessing = 0;
		};
/* End PBXResourcesBuildPhase section */

/* Begin PBXSourcesBuildPhase section */
		1D7A246726CEBB4400D82384 /* Sources */ = {
			isa = PBXSourcesBuildPhase;
			buildActionMask = 2147483647;
			files = (
				1D7A247126CEBB4400D82384 /* ContentView.swift in Sources */,
				1D7A248826CEEB1C00D82384 /* Messages.swift in Sources */,
				1D7A248A26CEEB6500D82384 /* MessageItem.swift in Sources */,
				1D7A248126CEE28600D82384 /* Home.swift in Sources */,
				1D7A248626CEEA4600D82384 /* Message.swift in Sources */,
				1D7A248326CEE2B000D82384 /* TopView.swift in Sources */,
				1D7A246F26CEBB4400D82384 /* MessagingAppApp.swift in Sources */,
			);
			runOnlyForDeploymentPostprocessing = 0;
		};
/* End PBXSourcesBuildPhase section */

/* Begin XCBuildConfiguration section */
		1D7A247826CEBB4500D82384 /* Debug */ = {
			isa = XCBuildConfiguration;
			buildSettings = {
				ALWAYS_SEARCH_USER_PATHS = NO;
				CLANG_ANALYZER_NONNULL = YES;
				CLANG_ANALYZER_NUMBER_OBJECT_CONVERSION = YES_AGGRESSIVE;
				CLANG_CXX_LANGUAGE_STANDARD = "gnu++14";
				CLANG_CXX_LIBRARY = "libc++";
				CLANG_ENABLE_MODULES = YES;
				CLANG_ENABLE_OBJC_ARC = YES;
				CLANG_ENABLE_OBJC_WEAK = YES;
				CLANG_WARN_BLOCK_CAPTURE_AUTORELEASING = YES;
				CLANG_WARN_BOOL_CONVERSION = YES;
				CLANG_WARN_COMMA = YES;
				CLANG_WARN_CONSTANT_CONVERSION = YES;
				CLANG_WARN_DEPRECATED_OBJC_IMPLEMENTATIONS = YES;
				CLANG_WARN_DIRECT_OBJC_ISA_USAGE = YES_ERROR;
				CLANG_WARN_DOCUMENTATION_COMMENTS = YES;
				CLANG_WARN_EMPTY_BODY = YES;
				CLANG_WARN_ENUM_CONVERSION = YES;
				CLANG_WARN_INFINITE_RECURSION = YES;
				CLANG_WARN_INT_CONVERSION = YES;
				CLANG_WARN_NON_LITERAL_NULL_CONVERSION = YES;
				CLANG_WARN_OBJC_IMPLICIT_RETAIN_SELF = YES;
				CLANG_WARN_OBJC_LITERAL_CONVERSION = YES;
				CLANG_WARN_OBJC_ROOT_CLASS = YES_ERROR;
				CLANG_WARN_QUOTED_INCLUDE_IN_FRAMEWORK_HEADER = YES;
				CLANG_WARN_RANGE_LOOP_ANALYSIS = YES;
				CLANG_WARN_STRICT_PROTOTYPES = YES;
				CLANG_WARN_SUSPICIOUS_MOVE = YES;
				CLANG_WARN_UNGUARDED_AVAILABILITY = YES_AGGRESSIVE;
				CLANG_WARN_UNREACHABLE_CODE = YES;
				CLANG_WARN__DUPLICATE_METHOD_MATCH = YES;
				COPY_PHASE_STRIP = NO;
				DEBUG_INFORMATION_FORMAT = dwarf;
				ENABLE_STRICT_OBJC_MSGSEND = YES;
				ENABLE_TESTABILITY = YES;
				GCC_C_LANGUAGE_STANDARD = gnu11;
				GCC_DYNAMIC_NO_PIC = NO;
				GCC_NO_COMMON_BLOCKS = YES;
				GCC_OPTIMIZATION_LEVEL = 0;
				GCC_PREPROCESSOR_DEFINITIONS = (
					"DEBUG=1",
					"$(inherited)",
				);
				GCC_WARN_64_TO_32_BIT_CONVERSION = YES;
				GCC_WARN_ABOUT_RETURN_TYPE = YES_ERROR;
				GCC_WARN_UNDECLARED_SELECTOR = YES;
				GCC_WARN_UNINITIALIZED_AUTOS = YES_AGGRESSIVE;
				GCC_WARN_UNUSED_FUNCTION = YES;
				GCC_WARN_UNUSED_VARIABLE = YES;
				IPHONEOS_DEPLOYMENT_TARGET = 14.5;
				MTL_ENABLE_DEBUG_INFO = INCLUDE_SOURCE;
				MTL_FAST_MATH = YES;
				ONLY_ACTIVE_ARCH = YES;
				SDKROOT = iphoneos;
				SWIFT_ACTIVE_COMPILATION_CONDITIONS = DEBUG;
				SWIFT_OPTIMIZATION_LEVEL = "-Onone";
			};
			name = Debug;
		};
		1D7A247926CEBB4500D82384 /* Release */ = {
			isa = XCBuildConfiguration;
			buildSettings = {
				ALWAYS_SEARCH_USER_PATHS = NO;
				CLANG_ANALYZER_NONNULL = YES;
				CLANG_ANALYZER_NUMBER_OBJECT_CONVERSION = YES_AGGRESSIVE;
				CLANG_CXX_LANGUAGE_STANDARD = "gnu++14";
				CLANG_CXX_LIBRARY = "libc++";
				CLANG_ENABLE_MODULES = YES;
				CLANG_ENABLE_OBJC_ARC = YES;
				CLANG_ENABLE_OBJC_WEAK = YES;
				CLANG_WARN_BLOCK_CAPTURE_AUTORELEASING = YES;
				CLANG_WARN_BOOL_CONVERSION = YES;
				CLANG_WARN_COMMA = YES;
				CLANG_WARN_CONSTANT_CONVERSION = YES;
				CLANG_WARN_DEPRECATED_OBJC_IMPLEMENTATIONS = YES;
				CLANG_WARN_DIRECT_OBJC_ISA_USAGE = YES_ERROR;
				CLANG_WARN_DOCUMENTATION_COMMENTS = YES;
				CLANG_WARN_EMPTY_BODY = YES;
				CLANG_WARN_ENUM_CONVERSION = YES;
				CLANG_WARN_INFINITE_RECURSION = YES;
				CLANG_WARN_INT_CONVERSION = YES;
				CLANG_WARN_NON_LITERAL_NULL_CONVERSION = YES;
				CLANG_WARN_OBJC_IMPLICIT_RETAIN_SELF = YES;
				CLANG_WARN_OBJC_LITERAL_CONVERSION = YES;
				CLANG_WARN_OBJC_ROOT_CLASS = YES_ERROR;
				CLANG_WARN_QUOTED_INCLUDE_IN_FRAMEWORK_HEADER = YES;
				CLANG_WARN_RANGE_LOOP_ANALYSIS = YES;
				CLANG_WARN_STRICT_PROTOTYPES = YES;
				CLANG_WARN_SUSPICIOUS_MOVE = YES;
				CLANG_WARN_UNGUARDED_AVAILABILITY = YES_AGGRESSIVE;
				CLANG_WARN_UNREACHABLE_CODE = YES;
				CLANG_WARN__DUPLICATE_METHOD_MATCH = YES;
				COPY_PHASE_STRIP = NO;
				DEBUG_INFORMATION_FORMAT = "dwarf-with-dsym";
				ENABLE_NS_ASSERTIONS = NO;
				ENABLE_STRICT_OBJC_MSGSEND = YES;
				GCC_C_LANGUAGE_STANDARD = gnu11;
				GCC_NO_COMMON_BLOCKS = YES;
				GCC_WARN_64_TO_32_BIT_CONVERSION = YES;
				GCC_WARN_ABOUT_RETURN_TYPE = YES_ERROR;
				GCC_WARN_UNDECLARED_SELECTOR = YES;
				GCC_WARN_UNINITIALIZED_AUTOS = YES_AGGRESSIVE;
				GCC_WARN_UNUSED_FUNCTION = YES;
				GCC_WARN_UNUSED_VARIABLE = YES;
				IPHONEOS_DEPLOYMENT_TARGET = 14.5;
				MTL_ENABLE_DEBUG_INFO = NO;
				MTL_FAST_MATH = YES;
				SDKROOT = iphoneos;
				SWIFT_COMPILATION_MODE = wholemodule;
				SWIFT_OPTIMIZATION_LEVEL = "-O";
				VALIDATE_PRODUCT = YES;
			};
			name = Release;
		};
		1D7A247B26CEBB4500D82384 /* Debug */ = {
			isa = XCBuildConfiguration;
			buildSettings = {
				ASSETCATALOG_COMPILER_APPICON_NAME = AppIcon;
				CODE_SIGN_STYLE = Automatic;
				DEVELOPMENT_ASSET_PATHS = "";
				ENABLE_PREVIEWS = YES;
				INFOPLIST_FILE = "$(SRCROOT)/MessagingApp/config/Info.plist";
				IPHONEOS_DEPLOYMENT_TARGET = 14.0;
				LD_RUNPATH_SEARCH_PATHS = (
					"$(inherited)",
					"@executable_path/Frameworks",
				);
				PRODUCT_BUNDLE_IDENTIFIER = com.messaging.app.MessagingApp;
				PRODUCT_NAME = "$(TARGET_NAME)";
				SWIFT_VERSION = 5.0;
				TARGETED_DEVICE_FAMILY = "1,2";
			};
			name = Debug;
		};
		1D7A247C26CEBB4500D82384 /* Release */ = {
			isa = XCBuildConfiguration;
			buildSettings = {
				ASSETCATALOG_COMPILER_APPICON_NAME = AppIcon;
				CODE_SIGN_STYLE = Automatic;
				DEVELOPMENT_ASSET_PATHS = "";
				ENABLE_PREVIEWS = YES;
				INFOPLIST_FILE = "$(SRCROOT)/MessagingApp/config/Info.plist";
				IPHONEOS_DEPLOYMENT_TARGET = 14.0;
				LD_RUNPATH_SEARCH_PATHS = (
					"$(inherited)",
					"@executable_path/Frameworks",
				);
				PRODUCT_BUNDLE_IDENTIFIER = com.messaging.app.MessagingApp;
				PRODUCT_NAME = "$(TARGET_NAME)";
				SWIFT_VERSION = 5.0;
				TARGETED_DEVICE_FAMILY = "1,2";
			};
			name = Release;
		};
/* End XCBuildConfiguration section */

/* Begin XCConfigurationList section */
		1D7A246626CEBB4400D82384 /* Build configuration list for PBXProject "MessagingApp" */ = {
			isa = XCConfigurationList;
			buildConfigurations = (
				1D7A247826CEBB4500D82384 /* Debug */,
				1D7A247926CEBB4500D82384 /* Release */,
			);
			defaultConfigurationIsVisible = 0;
			defaultConfigurationName = Release;
		};
		1D7A247A26CEBB4500D82384 /* Build configuration list for PBXNativeTarget "MessagingApp" */ = {
			isa = XCConfigurationList;
			buildConfigurations = (
				1D7A247B26CEBB4500D82384 /* Debug */,
				1D7A247C26CEBB4500D82384 /* Release */,
			);
			defaultConfigurationIsVisible = 0;
			defaultConfigurationName = Release;
		};
/* End XCConfigurationList section */
	};
	rootObject = 1D7A246326CEBB4400D82384 /* Project object */;
}
